// !$*UTF8*$!
{
	archiveVersion = 1;
	classes = {
	};
	objectVersion = 55;
	objects = {

/* Begin PBXBuildFile section */
		6EC2CE4127A14D4300D90B06 /* LiveInterview01App.swift in Sources */ = {isa = PBXBuildFile; fileRef = 6EC2CE4027A14D4300D90B06 /* LiveInterview01App.swift */; };
		6EC2CE4327A14D4300D90B06 /* BaseView.swift in Sources */ = {isa = PBXBuildFile; fileRef = 6EC2CE4227A14D4300D90B06 /* BaseView.swift */; };
		6EC2CE4527A14D4400D90B06 /* Assets.xcassets in Resources */ = {isa = PBXBuildFile; fileRef = 6EC2CE4427A14D4400D90B06 /* Assets.xcassets */; };
		6EC2CE4827A14D4400D90B06 /* Preview Assets.xcassets in Resources */ = {isa = PBXBuildFile; fileRef = 6EC2CE4727A14D4400D90B06 /* Preview Assets.xcassets */; };
		6EC2CE5227A14D4400D90B06 /* LiveInterview01Tests.swift in Sources */ = {isa = PBXBuildFile; fileRef = 6EC2CE5127A14D4400D90B06 /* LiveInterview01Tests.swift */; };
		6EC2CE5C27A14D4500D90B06 /* LiveInterview01UITests.swift in Sources */ = {isa = PBXBuildFile; fileRef = 6EC2CE5B27A14D4500D90B06 /* LiveInterview01UITests.swift */; };
		6EC2CE5E27A14D4500D90B06 /* LiveInterview01UITestsLaunchTests.swift in Sources */ = {isa = PBXBuildFile; fileRef = 6EC2CE5D27A14D4500D90B06 /* LiveInterview01UITestsLaunchTests.swift */; };
/* End PBXBuildFile section */

/* Begin PBXContainerItemProxy section */
		6EC2CE4E27A14D4400D90B06 /* PBXContainerItemProxy */ = {
			isa = PBXContainerItemProxy;
			containerPortal = 6EC2CE3527A14D4300D90B06 /* Project object */;
			proxyType = 1;
			remoteGlobalIDString = 6EC2CE3C27A14D4300D90B06;
			remoteInfo = LiveInterview01;
		};
		6EC2CE5827A14D4500D90B06 /* PBXContainerItemProxy */ = {
			isa = PBXContainerItemProxy;
			containerPortal = 6EC2CE3527A14D4300D90B06 /* Project object */;
			proxyType = 1;
			remoteGlobalIDString = 6EC2CE3C27A14D4300D90B06;
			remoteInfo = LiveInterview01;
		};
/* End PBXContainerItemProxy section */

/* Begin PBXFileReference section */
		6EC2CE3D27A14D4300D90B06 /* LiveInterview01.app */ = {isa = PBXFileReference; explicitFileType = wrapper.application; includeInIndex = 0; path = LiveInterview01.app; sourceTree = BUILT_PRODUCTS_DIR; };
		6EC2CE4027A14D4300D90B06 /* LiveInterview01App.swift */ = {isa = PBXFileReference; lastKnownFileType = sourcecode.swift; path = LiveInterview01App.swift; sourceTree = "<group>"; };
		6EC2CE4227A14D4300D90B06 /* BaseView.swift */ = {isa = PBXFileReference; lastKnownFileType = sourcecode.swift; path = BaseView.swift; sourceTree = "<group>"; };
		6EC2CE4427A14D4400D90B06 /* Assets.xcassets */ = {isa = PBXFileReference; lastKnownFileType = folder.assetcatalog; path = Assets.xcassets; sourceTree = "<group>"; };
		6EC2CE4727A14D4400D90B06 /* Preview Assets.xcassets */ = {isa = PBXFileReference; lastKnownFileType = folder.assetcatalog; path = "Preview Assets.xcassets"; sourceTree = "<group>"; };
		6EC2CE4D27A14D4400D90B06 /* LiveInterview01Tests.xctest */ = {isa = PBXFileReference; explicitFileType = wrapper.cfbundle; includeInIndex = 0; path = LiveInterview01Tests.xctest; sourceTree = BUILT_PRODUCTS_DIR; };
		6EC2CE5127A14D4400D90B06 /* LiveInterview01Tests.swift */ = {isa = PBXFileReference; lastKnownFileType = sourcecode.swift; path = LiveInterview01Tests.swift; sourceTree = "<group>"; };
		6EC2CE5727A14D4500D90B06 /* LiveInterview01UITests.xctest */ = {isa = PBXFileReference; explicitFileType = wrapper.cfbundle; includeInIndex = 0; path = LiveInterview01UITests.xctest; sourceTree = BUILT_PRODUCTS_DIR; };
		6EC2CE5B27A14D4500D90B06 /* LiveInterview01UITests.swift */ = {isa = PBXFileReference; lastKnownFileType = sourcecode.swift; path = LiveInterview01UITests.swift; sourceTree = "<group>"; };
		6EC2CE5D27A14D4500D90B06 /* LiveInterview01UITestsLaunchTests.swift */ = {isa = PBXFileReference; lastKnownFileType = sourcecode.swift; path = LiveInterview01UITestsLaunchTests.swift; sourceTree = "<group>"; };
/* End PBXFileReference section */

/* Begin PBXFrameworksBuildPhase section */
		6EC2CE3A27A14D4300D90B06 /* Frameworks */ = {
			isa = PBXFrameworksBuildPhase;
			buildActionMask = 2147483647;
			files = (
			);
			runOnlyForDeploymentPostprocessing = 0;
		};
		6EC2CE4A27A14D4400D90B06 /* Frameworks */ = {
			isa = PBXFrameworksBuildPhase;
			buildActionMask = 2147483647;
			files = (
			);
			runOnlyForDeploymentPostprocessing = 0;
		};
		6EC2CE5427A14D4500D90B06 /* Frameworks */ = {
			isa = PBXFrameworksBuildPhase;
			buildActionMask = 2147483647;
			files = (
			);
			runOnlyForDeploymentPostprocessing = 0;
		};
/* End PBXFrameworksBuildPhase section */

/* Begin PBXGroup section */
		6EC2CE3427A14D4300D90B06 = {
			isa = PBXGroup;
			children = (
				6EC2CE3F27A14D4300D90B06 /* LiveInterview01 */,
				6EC2CE5027A14D4400D90B06 /* LiveInterview01Tests */,
				6EC2CE5A27A14D4500D90B06 /* LiveInterview01UITests */,
				6EC2CE3E27A14D4300D90B06 /* Products */,
			);
			sourceTree = "<group>";
		};
		6EC2CE3E27A14D4300D90B06 /* Products */ = {
			isa = PBXGroup;
			children = (
				6EC2CE3D27A14D4300D90B06 /* LiveInterview01.app */,
				6EC2CE4D27A14D4400D90B06 /* LiveInterview01Tests.xctest */,
				6EC2CE5727A14D4500D90B06 /* LiveInterview01UITests.xctest */,
			);
			name = Products;
			sourceTree = "<group>";
		};
		6EC2CE3F27A14D4300D90B06 /* LiveInterview01 */ = {
			isa = PBXGroup;
			children = (
				6EC2CE6B27A14D9100D90B06 /* AppDelegate */,
				6EC2CE4627A14D4400D90B06 /* Preview Content */,
				6EC2CE6C27A14D9A00D90B06 /* SupportingFiles */,
				6EC2CE6A27A14D8B00D90B06 /* Views */,
			);
			path = LiveInterview01;
			sourceTree = "<group>";
		};
		6EC2CE4627A14D4400D90B06 /* Preview Content */ = {
			isa = PBXGroup;
			children = (
				6EC2CE4727A14D4400D90B06 /* Preview Assets.xcassets */,
			);
			path = "Preview Content";
			sourceTree = "<group>";
		};
		6EC2CE5027A14D4400D90B06 /* LiveInterview01Tests */ = {
			isa = PBXGroup;
			children = (
				6EC2CE5127A14D4400D90B06 /* LiveInterview01Tests.swift */,
			);
			path = LiveInterview01Tests;
			sourceTree = "<group>";
		};
		6EC2CE5A27A14D4500D90B06 /* LiveInterview01UITests */ = {
			isa = PBXGroup;
			children = (
				6EC2CE5B27A14D4500D90B06 /* LiveInterview01UITests.swift */,
				6EC2CE5D27A14D4500D90B06 /* LiveInterview01UITestsLaunchTests.swift */,
			);
			path = LiveInterview01UITests;
			sourceTree = "<group>";
		};
		6EC2CE6A27A14D8B00D90B06 /* Views */ = {
			isa = PBXGroup;
			children = (
				6EC2CE4227A14D4300D90B06 /* BaseView.swift */,
			);
			path = Views;
			sourceTree = "<group>";
		};
		6EC2CE6B27A14D9100D90B06 /* AppDelegate */ = {
			isa = PBXGroup;
			children = (
				6EC2CE4027A14D4300D90B06 /* LiveInterview01App.swift */,
			);
			path = AppDelegate;
			sourceTree = "<group>";
		};
		6EC2CE6C27A14D9A00D90B06 /* SupportingFiles */ = {
			isa = PBXGroup;
			children = (
				6EC2CE4427A14D4400D90B06 /* Assets.xcassets */,
			);
			path = SupportingFiles;
			sourceTree = "<group>";
		};
/* End PBXGroup section */

/* Begin PBXNativeTarget section */
		6EC2CE3C27A14D4300D90B06 /* LiveInterview01 */ = {
			isa = PBXNativeTarget;
			buildConfigurationList = 6EC2CE6127A14D4500D90B06 /* Build configuration list for PBXNativeTarget "LiveInterview01" */;
			buildPhases = (
				6EC2CE3927A14D4300D90B06 /* Sources */,
				6EC2CE3A27A14D4300D90B06 /* Frameworks */,
				6EC2CE3B27A14D4300D90B06 /* Resources */,
			);
			buildRules = (
			);
			dependencies = (
			);
			name = LiveInterview01;
			productName = LiveInterview01;
			productReference = 6EC2CE3D27A14D4300D90B06 /* LiveInterview01.app */;
			productType = "com.apple.product-type.application";
		};
		6EC2CE4C27A14D4400D90B06 /* LiveInterview01Tests */ = {
			isa = PBXNativeTarget;
			buildConfigurationList = 6EC2CE6427A14D4500D90B06 /* Build configuration list for PBXNativeTarget "LiveInterview01Tests" */;
			buildPhases = (
				6EC2CE4927A14D4400D90B06 /* Sources */,
				6EC2CE4A27A14D4400D90B06 /* Frameworks */,
				6EC2CE4B27A14D4400D90B06 /* Resources */,
			);
			buildRules = (
			);
			dependencies = (
				6EC2CE4F27A14D4400D90B06 /* PBXTargetDependency */,
			);
			name = LiveInterview01Tests;
			productName = LiveInterview01Tests;
			productReference = 6EC2CE4D27A14D4400D90B06 /* LiveInterview01Tests.xctest */;
			productType = "com.apple.product-type.bundle.unit-test";
		};
		6EC2CE5627A14D4500D90B06 /* LiveInterview01UITests */ = {
			isa = PBXNativeTarget;
			buildConfigurationList = 6EC2CE6727A14D4500D90B06 /* Build configuration list for PBXNativeTarget "LiveInterview01UITests" */;
			buildPhases = (
				6EC2CE5327A14D4500D90B06 /* Sources */,
				6EC2CE5427A14D4500D90B06 /* Frameworks */,
				6EC2CE5527A14D4500D90B06 /* Resources */,
			);
			buildRules = (
			);
			dependencies = (
				6EC2CE5927A14D4500D90B06 /* PBXTargetDependency */,
			);
			name = LiveInterview01UITests;
			productName = LiveInterview01UITests;
			productReference = 6EC2CE5727A14D4500D90B06 /* LiveInterview01UITests.xctest */;
			productType = "com.apple.product-type.bundle.ui-testing";
		};
/* End PBXNativeTarget section */

/* Begin PBXProject section */
		6EC2CE3527A14D4300D90B06 /* Project object */ = {
			isa = PBXProject;
			attributes = {
				BuildIndependentTargetsInParallel = 1;
				LastSwiftUpdateCheck = 1320;
				LastUpgradeCheck = 1320;
				TargetAttributes = {
					6EC2CE3C27A14D4300D90B06 = {
						CreatedOnToolsVersion = 13.2.1;
					};
					6EC2CE4C27A14D4400D90B06 = {
						CreatedOnToolsVersion = 13.2.1;
						TestTargetID = 6EC2CE3C27A14D4300D90B06;
					};
					6EC2CE5627A14D4500D90B06 = {
						CreatedOnToolsVersion = 13.2.1;
						TestTargetID = 6EC2CE3C27A14D4300D90B06;
					};
				};
			};
			buildConfigurationList = 6EC2CE3827A14D4300D90B06 /* Build configuration list for PBXProject "LiveInterview01" */;
			compatibilityVersion = "Xcode 13.0";
			developmentRegion = en;
			hasScannedForEncodings = 0;
			knownRegions = (
				en,
				Base,
			);
			mainGroup = 6EC2CE3427A14D4300D90B06;
			productRefGroup = 6EC2CE3E27A14D4300D90B06 /* Products */;
			projectDirPath = "";
			projectRoot = "";
			targets = (
				6EC2CE3C27A14D4300D90B06 /* LiveInterview01 */,
				6EC2CE4C27A14D4400D90B06 /* LiveInterview01Tests */,
				6EC2CE5627A14D4500D90B06 /* LiveInterview01UITests */,
			);
		};
/* End PBXProject section */

/* Begin PBXResourcesBuildPhase section */
		6EC2CE3B27A14D4300D90B06 /* Resources */ = {
			isa = PBXResourcesBuildPhase;
			buildActionMask = 2147483647;
			files = (
				6EC2CE4827A14D4400D90B06 /* Preview Assets.xcassets in Resources */,
				6EC2CE4527A14D4400D90B06 /* Assets.xcassets in Resources */,
			);
			runOnlyForDeploymentPostprocessing = 0;
		};
		6EC2CE4B27A14D4400D90B06 /* Resources */ = {
			isa = PBXResourcesBuildPhase;
			buildActionMask = 2147483647;
			files = (
			);
			runOnlyForDeploymentPostprocessing = 0;
		};
		6EC2CE5527A14D4500D90B06 /* Resources */ = {
			isa = PBXResourcesBuildPhase;
			buildActionMask = 2147483647;
			files = (
			);
			runOnlyForDeploymentPostprocessing = 0;
		};
/* End PBXResourcesBuildPhase section */

/* Begin PBXSourcesBuildPhase section */
		6EC2CE3927A14D4300D90B06 /* Sources */ = {
			isa = PBXSourcesBuildPhase;
			buildActionMask = 2147483647;
			files = (
				6EC2CE4327A14D4300D90B06 /* BaseView.swift in Sources */,
				6EC2CE4127A14D4300D90B06 /* LiveInterview01App.swift in Sources */,
			);
			runOnlyForDeploymentPostprocessing = 0;
		};
		6EC2CE4927A14D4400D90B06 /* Sources */ = {
			isa = PBXSourcesBuildPhase;
			buildActionMask = 2147483647;
			files = (
				6EC2CE5227A14D4400D90B06 /* LiveInterview01Tests.swift in Sources */,
			);
			runOnlyForDeploymentPostprocessing = 0;
		};
		6EC2CE5327A14D4500D90B06 /* Sources */ = {
			isa = PBXSourcesBuildPhase;
			buildActionMask = 2147483647;
			files = (
				6EC2CE5C27A14D4500D90B06 /* LiveInterview01UITests.swift in Sources */,
				6EC2CE5E27A14D4500D90B06 /* LiveInterview01UITestsLaunchTests.swift in Sources */,
			);
			runOnlyForDeploymentPostprocessing = 0;
		};
/* End PBXSourcesBuildPhase section */

/* Begin PBXTargetDependency section */
		6EC2CE4F27A14D4400D90B06 /* PBXTargetDependency */ = {
			isa = PBXTargetDependency;
			target = 6EC2CE3C27A14D4300D90B06 /* LiveInterview01 */;
			targetProxy = 6EC2CE4E27A14D4400D90B06 /* PBXContainerItemProxy */;
		};
		6EC2CE5927A14D4500D90B06 /* PBXTargetDependency */ = {
			isa = PBXTargetDependency;
			target = 6EC2CE3C27A14D4300D90B06 /* LiveInterview01 */;
			targetProxy = 6EC2CE5827A14D4500D90B06 /* PBXContainerItemProxy */;
		};
/* End PBXTargetDependency section */

/* Begin XCBuildConfiguration section */
		6EC2CE5F27A14D4500D90B06 /* Debug */ = {
			isa = XCBuildConfiguration;
			buildSettings = {
				ALWAYS_SEARCH_USER_PATHS = NO;
				CLANG_ANALYZER_NONNULL = YES;
				CLANG_ANALYZER_NUMBER_OBJECT_CONVERSION = YES_AGGRESSIVE;
				CLANG_CXX_LANGUAGE_STANDARD = "gnu++17";
				CLANG_CXX_LIBRARY = "libc++";
				CLANG_ENABLE_MODULES = YES;
				CLANG_ENABLE_OBJC_ARC = YES;
				CLANG_ENABLE_OBJC_WEAK = YES;
				CLANG_WARN_BLOCK_CAPTURE_AUTORELEASING = YES;
				CLANG_WARN_BOOL_CONVERSION = YES;
				CLANG_WARN_COMMA = YES;
				CLANG_WARN_CONSTANT_CONVERSION = YES;
				CLANG_WARN_DEPRECATED_OBJC_IMPLEMENTATIONS = YES;
				CLANG_WARN_DIRECT_OBJC_ISA_USAGE = YES_ERROR;
				CLANG_WARN_DOCUMENTATION_COMMENTS = YES;
				CLANG_WARN_EMPTY_BODY = YES;
				CLANG_WARN_ENUM_CONVERSION = YES;
				CLANG_WARN_INFINITE_RECURSION = YES;
				CLANG_WARN_INT_CONVERSION = YES;
				CLANG_WARN_NON_LITERAL_NULL_CONVERSION = YES;
				CLANG_WARN_OBJC_IMPLICIT_RETAIN_SELF = YES;
				CLANG_WARN_OBJC_LITERAL_CONVERSION = YES;
				CLANG_WARN_OBJC_ROOT_CLASS = YES_ERROR;
				CLANG_WARN_QUOTED_INCLUDE_IN_FRAMEWORK_HEADER = YES;
				CLANG_WARN_RANGE_LOOP_ANALYSIS = YES;
				CLANG_WARN_STRICT_PROTOTYPES = YES;
				CLANG_WARN_SUSPICIOUS_MOVE = YES;
				CLANG_WARN_UNGUARDED_AVAILABILITY = YES_AGGRESSIVE;
				CLANG_WARN_UNREACHABLE_CODE = YES;
				CLANG_WARN__DUPLICATE_METHOD_MATCH = YES;
				COPY_PHASE_STRIP = NO;
				DEBUG_INFORMATION_FORMAT = dwarf;
				ENABLE_STRICT_OBJC_MSGSEND = YES;
				ENABLE_TESTABILITY = YES;
				GCC_C_LANGUAGE_STANDARD = gnu11;
				GCC_DYNAMIC_NO_PIC = NO;
				GCC_NO_COMMON_BLOCKS = YES;
				GCC_OPTIMIZATION_LEVEL = 0;
				GCC_PREPROCESSOR_DEFINITIONS = (
					"DEBUG=1",
					"$(inherited)",
				);
				GCC_WARN_64_TO_32_BIT_CONVERSION = YES;
				GCC_WARN_ABOUT_RETURN_TYPE = YES_ERROR;
				GCC_WARN_UNDECLARED_SELECTOR = YES;
				GCC_WARN_UNINITIALIZED_AUTOS = YES_AGGRESSIVE;
				GCC_WARN_UNUSED_FUNCTION = YES;
				GCC_WARN_UNUSED_VARIABLE = YES;
				IPHONEOS_DEPLOYMENT_TARGET = 15.2;
				MTL_ENABLE_DEBUG_INFO = INCLUDE_SOURCE;
				MTL_FAST_MATH = YES;
				ONLY_ACTIVE_ARCH = YES;
				SDKROOT = iphoneos;
				SWIFT_ACTIVE_COMPILATION_CONDITIONS = DEBUG;
				SWIFT_OPTIMIZATION_LEVEL = "-Onone";
			};
			name = Debug;
		};
		6EC2CE6027A14D4500D90B06 /* Release */ = {
			isa = XCBuildConfiguration;
			buildSettings = {
				ALWAYS_SEARCH_USER_PATHS = NO;
				CLANG_ANALYZER_NONNULL = YES;
				CLANG_ANALYZER_NUMBER_OBJECT_CONVERSION = YES_AGGRESSIVE;
				CLANG_CXX_LANGUAGE_STANDARD = "gnu++17";
				CLANG_CXX_LIBRARY = "libc++";
				CLANG_ENABLE_MODULES = YES;
				CLANG_ENABLE_OBJC_ARC = YES;
				CLANG_ENABLE_OBJC_WEAK = YES;
				CLANG_WARN_BLOCK_CAPTURE_AUTORELEASING = YES;
				CLANG_WARN_BOOL_CONVERSION = YES;
				CLANG_WARN_COMMA = YES;
				CLANG_WARN_CONSTANT_CONVERSION = YES;
				CLANG_WARN_DEPRECATED_OBJC_IMPLEMENTATIONS = YES;
				CLANG_WARN_DIRECT_OBJC_ISA_USAGE = YES_ERROR;
				CLANG_WARN_DOCUMENTATION_COMMENTS = YES;
				CLANG_WARN_EMPTY_BODY = YES;
				CLANG_WARN_ENUM_CONVERSION = YES;
				CLANG_WARN_INFINITE_RECURSION = YES;
				CLANG_WARN_INT_CONVERSION = YES;
				CLANG_WARN_NON_LITERAL_NULL_CONVERSION = YES;
				CLANG_WARN_OBJC_IMPLICIT_RETAIN_SELF = YES;
				CLANG_WARN_OBJC_LITERAL_CONVERSION = YES;
				CLANG_WARN_OBJC_ROOT_CLASS = YES_ERROR;
				CLANG_WARN_QUOTED_INCLUDE_IN_FRAMEWORK_HEADER = YES;
				CLANG_WARN_RANGE_LOOP_ANALYSIS = YES;
				CLANG_WARN_STRICT_PROTOTYPES = YES;
				CLANG_WARN_SUSPICIOUS_MOVE = YES;
				CLANG_WARN_UNGUARDED_AVAILABILITY = YES_AGGRESSIVE;
				CLANG_WARN_UNREACHABLE_CODE = YES;
				CLANG_WARN__DUPLICATE_METHOD_MATCH = YES;
				COPY_PHASE_STRIP = NO;
				DEBUG_INFORMATION_FORMAT = "dwarf-with-dsym";
				ENABLE_NS_ASSERTIONS = NO;
				ENABLE_STRICT_OBJC_MSGSEND = YES;
				GCC_C_LANGUAGE_STANDARD = gnu11;
				GCC_NO_COMMON_BLOCKS = YES;
				GCC_WARN_64_TO_32_BIT_CONVERSION = YES;
				GCC_WARN_ABOUT_RETURN_TYPE = YES_ERROR;
				GCC_WARN_UNDECLARED_SELECTOR = YES;
				GCC_WARN_UNINITIALIZED_AUTOS = YES_AGGRESSIVE;
				GCC_WARN_UNUSED_FUNCTION = YES;
				GCC_WARN_UNUSED_VARIABLE = YES;
				IPHONEOS_DEPLOYMENT_TARGET = 15.2;
				MTL_ENABLE_DEBUG_INFO = NO;
				MTL_FAST_MATH = YES;
				SDKROOT = iphoneos;
				SWIFT_COMPILATION_MODE = wholemodule;
				SWIFT_OPTIMIZATION_LEVEL = "-O";
				VALIDATE_PRODUCT = YES;
			};
			name = Release;
		};
		6EC2CE6227A14D4500D90B06 /* Debug */ = {
			isa = XCBuildConfiguration;
			buildSettings = {
				ASSETCATALOG_COMPILER_APPICON_NAME = AppIcon;
				ASSETCATALOG_COMPILER_GLOBAL_ACCENT_COLOR_NAME = AccentColor;
				CODE_SIGN_STYLE = Automatic;
				CURRENT_PROJECT_VERSION = 1;
				DEVELOPMENT_ASSET_PATHS = "\"LiveInterview01/Preview Content\"";
				DEVELOPMENT_TEAM = QDUTEX33CU;
				ENABLE_PREVIEWS = YES;
				GENERATE_INFOPLIST_FILE = YES;
				INFOPLIST_KEY_UIApplicationSceneManifest_Generation = YES;
				INFOPLIST_KEY_UIApplicationSupportsIndirectInputEvents = YES;
				INFOPLIST_KEY_UILaunchScreen_Generation = YES;
				INFOPLIST_KEY_UISupportedInterfaceOrientations_iPad = "UIInterfaceOrientationPortrait UIInterfaceOrientationPortraitUpsideDown UIInterfaceOrientationLandscapeLeft UIInterfaceOrientationLandscapeRight";
				INFOPLIST_KEY_UISupportedInterfaceOrientations_iPhone = "UIInterfaceOrientationPortrait UIInterfaceOrientationLandscapeLeft UIInterfaceOrientationLandscapeRight";
				LD_RUNPATH_SEARCH_PATHS = (
					"$(inherited)",
					"@executable_path/Frameworks",
				);
				MARKETING_VERSION = 1.0;
				PRODUCT_BUNDLE_IDENTIFIER = com.matthiaszarzecki.LiveInterview01;
				PRODUCT_NAME = "$(TARGET_NAME)";
				SWIFT_EMIT_LOC_STRINGS = YES;
				SWIFT_VERSION = 5.0;
				TARGETED_DEVICE_FAMILY = "1,2";
			};
			name = Debug;
		};
		6EC2CE6327A14D4500D90B06 /* Release */ = {
			isa = XCBuildConfiguration;
			buildSettings = {
				ASSETCATALOG_COMPILER_APPICON_NAME = AppIcon;
				ASSETCATALOG_COMPILER_GLOBAL_ACCENT_COLOR_NAME = AccentColor;
				CODE_SIGN_STYLE = Automatic;
				CURRENT_PROJECT_VERSION = 1;
				DEVELOPMENT_ASSET_PATHS = "\"LiveInterview01/Preview Content\"";
				DEVELOPMENT_TEAM = QDUTEX33CU;
				ENABLE_PREVIEWS = YES;
				GENERATE_INFOPLIST_FILE = YES;
				INFOPLIST_KEY_UIApplicationSceneManifest_Generation = YES;
				INFOPLIST_KEY_UIApplicationSupportsIndirectInputEvents = YES;
				INFOPLIST_KEY_UILaunchScreen_Generation = YES;
				INFOPLIST_KEY_UISupportedInterfaceOrientations_iPad = "UIInterfaceOrientationPortrait UIInterfaceOrientationPortraitUpsideDown UIInterfaceOrientationLandscapeLeft UIInterfaceOrientationLandscapeRight";
				INFOPLIST_KEY_UISupportedInterfaceOrientations_iPhone = "UIInterfaceOrientationPortrait UIInterfaceOrientationLandscapeLeft UIInterfaceOrientationLandscapeRight";
				LD_RUNPATH_SEARCH_PATHS = (
					"$(inherited)",
					"@executable_path/Frameworks",
				);
				MARKETING_VERSION = 1.0;
				PRODUCT_BUNDLE_IDENTIFIER = com.matthiaszarzecki.LiveInterview01;
				PRODUCT_NAME = "$(TARGET_NAME)";
				SWIFT_EMIT_LOC_STRINGS = YES;
				SWIFT_VERSION = 5.0;
				TARGETED_DEVICE_FAMILY = "1,2";
			};
			name = Release;
		};
		6EC2CE6527A14D4500D90B06 /* Debug */ = {
			isa = XCBuildConfiguration;
			buildSettings = {
				ALWAYS_EMBED_SWIFT_STANDARD_LIBRARIES = YES;
				BUNDLE_LOADER = "$(TEST_HOST)";
				CODE_SIGN_STYLE = Automatic;
				CURRENT_PROJECT_VERSION = 1;
				DEVELOPMENT_TEAM = QDUTEX33CU;
				GENERATE_INFOPLIST_FILE = YES;
				IPHONEOS_DEPLOYMENT_TARGET = 15.2;
				MARKETING_VERSION = 1.0;
				PRODUCT_BUNDLE_IDENTIFIER = com.matthiaszarzecki.LiveInterview01Tests;
				PRODUCT_NAME = "$(TARGET_NAME)";
				SWIFT_EMIT_LOC_STRINGS = NO;
				SWIFT_VERSION = 5.0;
				TARGETED_DEVICE_FAMILY = "1,2";
				TEST_HOST = "$(BUILT_PRODUCTS_DIR)/LiveInterview01.app/LiveInterview01";
			};
			name = Debug;
		};
		6EC2CE6627A14D4500D90B06 /* Release */ = {
			isa = XCBuildConfiguration;
			buildSettings = {
				ALWAYS_EMBED_SWIFT_STANDARD_LIBRARIES = YES;
				BUNDLE_LOADER = "$(TEST_HOST)";
				CODE_SIGN_STYLE = Automatic;
				CURRENT_PROJECT_VERSION = 1;
				DEVELOPMENT_TEAM = QDUTEX33CU;
				GENERATE_INFOPLIST_FILE = YES;
				IPHONEOS_DEPLOYMENT_TARGET = 15.2;
				MARKETING_VERSION = 1.0;
				PRODUCT_BUNDLE_IDENTIFIER = com.matthiaszarzecki.LiveInterview01Tests;
				PRODUCT_NAME = "$(TARGET_NAME)";
				SWIFT_EMIT_LOC_STRINGS = NO;
				SWIFT_VERSION = 5.0;
				TARGETED_DEVICE_FAMILY = "1,2";
				TEST_HOST = "$(BUILT_PRODUCTS_DIR)/LiveInterview01.app/LiveInterview01";
			};
			name = Release;
		};
		6EC2CE6827A14D4500D90B06 /* Debug */ = {
			isa = XCBuildConfiguration;
			buildSettings = {
				ALWAYS_EMBED_SWIFT_STANDARD_LIBRARIES = YES;
				CODE_SIGN_STYLE = Automatic;
				CURRENT_PROJECT_VERSION = 1;
				DEVELOPMENT_TEAM = QDUTEX33CU;
				GENERATE_INFOPLIST_FILE = YES;
				MARKETING_VERSION = 1.0;
				PRODUCT_BUNDLE_IDENTIFIER = com.matthiaszarzecki.LiveInterview01UITests;
				PRODUCT_NAME = "$(TARGET_NAME)";
				SWIFT_EMIT_LOC_STRINGS = NO;
				SWIFT_VERSION = 5.0;
				TARGETED_DEVICE_FAMILY = "1,2";
				TEST_TARGET_NAME = LiveInterview01;
			};
			name = Debug;
		};
		6EC2CE6927A14D4500D90B06 /* Release */ = {
			isa = XCBuildConfiguration;
			buildSettings = {
				ALWAYS_EMBED_SWIFT_STANDARD_LIBRARIES = YES;
				CODE_SIGN_STYLE = Automatic;
				CURRENT_PROJECT_VERSION = 1;
				DEVELOPMENT_TEAM = QDUTEX33CU;
				GENERATE_INFOPLIST_FILE = YES;
				MARKETING_VERSION = 1.0;
				PRODUCT_BUNDLE_IDENTIFIER = com.matthiaszarzecki.LiveInterview01UITests;
				PRODUCT_NAME = "$(TARGET_NAME)";
				SWIFT_EMIT_LOC_STRINGS = NO;
				SWIFT_VERSION = 5.0;
				TARGETED_DEVICE_FAMILY = "1,2";
				TEST_TARGET_NAME = LiveInterview01;
			};
			name = Release;
		};
/* End XCBuildConfiguration section */

/* Begin XCConfigurationList section */
		6EC2CE3827A14D4300D90B06 /* Build configuration list for PBXProject "LiveInterview01" */ = {
			isa = XCConfigurationList;
			buildConfigurations = (
				6EC2CE5F27A14D4500D90B06 /* Debug */,
				6EC2CE6027A14D4500D90B06 /* Release */,
			);
			defaultConfigurationIsVisible = 0;
			defaultConfigurationName = Release;
		};
		6EC2CE6127A14D4500D90B06 /* Build configuration list for PBXNativeTarget "LiveInterview01" */ = {
			isa = XCConfigurationList;
			buildConfigurations = (
				6EC2CE6227A14D4500D90B06 /* Debug */,
				6EC2CE6327A14D4500D90B06 /* Release */,
			);
			defaultConfigurationIsVisible = 0;
			defaultConfigurationName = Release;
		};
		6EC2CE6427A14D4500D90B06 /* Build configuration list for PBXNativeTarget "LiveInterview01Tests" */ = {
			isa = XCConfigurationList;
			buildConfigurations = (
				6EC2CE6527A14D4500D90B06 /* Debug */,
				6EC2CE6627A14D4500D90B06 /* Release */,
			);
			defaultConfigurationIsVisible = 0;
			defaultConfigurationName = Release;
		};
		6EC2CE6727A14D4500D90B06 /* Build configuration list for PBXNativeTarget "LiveInterview01UITests" */ = {
			isa = XCConfigurationList;
			buildConfigurations = (
				6EC2CE6827A14D4500D90B06 /* Debug */,
				6EC2CE6927A14D4500D90B06 /* Release */,
			);
			defaultConfigurationIsVisible = 0;
			defaultConfigurationName = Release;
		};
/* End XCConfigurationList section */
	};
	rootObject = 6EC2CE3527A14D4300D90B06 /* Project object */;
}
